
Microsoft Visual Studio Solution File, Format Version 12.00
# Visual Studio Version 16
VisualStudioVersion = 16.0.31624.102
MinimumVisualStudioVersion = 10.0.40219.1
Project("{FAE04EC0-301F-11D3-BF4B-00C04F79EFBC}") = "topnoided", "topnoided\topnoided.csproj", "{BF087357-E53A-4D9C-B2C7-B744D46DF406}"
EndProject
Global
	GlobalSection(SolutionConfigurationPlatforms) = preSolution
		Debug|Any CPU = Debug|Any CPU
		Release|Any CPU = Release|Any CPU
	EndGlobalSection
	GlobalSection(ProjectConfigurationPlatforms) = postSolution
		{BF087357-E53A-4D9C-B2C7-B744D46DF406}.Debug|Any CPU.ActiveCfg = Debug|Any CPU
		{BF087357-E53A-4D9C-B2C7-B744D46DF406}.Debug|Any CPU.Build.0 = Debug|Any CPU
		{BF087357-E53A-4D9C-B2C7-B744D46DF406}.Release|Any CPU.ActiveCfg = Release|Any CPU
		{BF087357-E53A-4D9C-B2C7-B744D46DF406}.Release|Any CPU.Build.0 = Release|Any CPU
	EndGlobalSection
	GlobalSection(SolutionProperties) = preSolution
		HideSolutionNode = FALSE
	EndGlobalSection
	GlobalSection(ExtensibilityGlobals) = postSolution
		SolutionGuid = {13D22902-0D46-4BF6-BFA7-3CC25BF1CB84}
	EndGlobalSection
EndGlobal
